// !$*UTF8*$!
{
	archiveVersion = 1;
	classes = {
	};
	objectVersion = 50;
	objects = {

/* Begin PBXBuildFile section */
		A148B2AC218D7B6B00D79029 /* AppDelegate.swift in Sources */ = {isa = PBXBuildFile; fileRef = A148B2AB218D7B6B00D79029 /* AppDelegate.swift */; };
		A148B2AE218D7B6B00D79029 /* ViewController.swift in Sources */ = {isa = PBXBuildFile; fileRef = A148B2AD218D7B6B00D79029 /* ViewController.swift */; };
		A148B2B1218D7B6B00D79029 /* Main.storyboard in Resources */ = {isa = PBXBuildFile; fileRef = A148B2AF218D7B6B00D79029 /* Main.storyboard */; };
		A148B2B3218D7B6C00D79029 /* Assets.xcassets in Resources */ = {isa = PBXBuildFile; fileRef = A148B2B2218D7B6C00D79029 /* Assets.xcassets */; };
		A148B2B6218D7B6C00D79029 /* LaunchScreen.storyboard in Resources */ = {isa = PBXBuildFile; fileRef = A148B2B4218D7B6C00D79029 /* LaunchScreen.storyboard */; };
		A148B2C1218D7B6C00D79029 /* GroupDriveTests.swift in Sources */ = {isa = PBXBuildFile; fileRef = A148B2C0218D7B6C00D79029 /* GroupDriveTests.swift */; };
		A148B2CC218D7B6C00D79029 /* GroupDriveUITests.swift in Sources */ = {isa = PBXBuildFile; fileRef = A148B2CB218D7B6C00D79029 /* GroupDriveUITests.swift */; };
/* End PBXBuildFile section */

/* Begin PBXContainerItemProxy section */
		A148B2BD218D7B6C00D79029 /* PBXContainerItemProxy */ = {
			isa = PBXContainerItemProxy;
			containerPortal = A148B2A0218D7B6B00D79029 /* Project object */;
			proxyType = 1;
			remoteGlobalIDString = A148B2A7218D7B6B00D79029;
			remoteInfo = GroupDrive;
		};
		A148B2C8218D7B6C00D79029 /* PBXContainerItemProxy */ = {
			isa = PBXContainerItemProxy;
			containerPortal = A148B2A0218D7B6B00D79029 /* Project object */;
			proxyType = 1;
			remoteGlobalIDString = A148B2A7218D7B6B00D79029;
			remoteInfo = GroupDrive;
		};
/* End PBXContainerItemProxy section */

/* Begin PBXFileReference section */
		A148B2A8218D7B6B00D79029 /* GroupDrive.app */ = {isa = PBXFileReference; explicitFileType = wrapper.application; includeInIndex = 0; path = GroupDrive.app; sourceTree = BUILT_PRODUCTS_DIR; };
		A148B2AB218D7B6B00D79029 /* AppDelegate.swift */ = {isa = PBXFileReference; lastKnownFileType = sourcecode.swift; path = AppDelegate.swift; sourceTree = "<group>"; };
		A148B2AD218D7B6B00D79029 /* ViewController.swift */ = {isa = PBXFileReference; lastKnownFileType = sourcecode.swift; path = ViewController.swift; sourceTree = "<group>"; };
		A148B2B0218D7B6B00D79029 /* Base */ = {isa = PBXFileReference; lastKnownFileType = file.storyboard; name = Base; path = Base.lproj/Main.storyboard; sourceTree = "<group>"; };
		A148B2B2218D7B6C00D79029 /* Assets.xcassets */ = {isa = PBXFileReference; lastKnownFileType = folder.assetcatalog; path = Assets.xcassets; sourceTree = "<group>"; };
		A148B2B5218D7B6C00D79029 /* Base */ = {isa = PBXFileReference; lastKnownFileType = file.storyboard; name = Base; path = Base.lproj/LaunchScreen.storyboard; sourceTree = "<group>"; };
		A148B2B7218D7B6C00D79029 /* Info.plist */ = {isa = PBXFileReference; lastKnownFileType = text.plist.xml; path = Info.plist; sourceTree = "<group>"; };
		A148B2BC218D7B6C00D79029 /* GroupDriveTests.xctest */ = {isa = PBXFileReference; explicitFileType = wrapper.cfbundle; includeInIndex = 0; path = GroupDriveTests.xctest; sourceTree = BUILT_PRODUCTS_DIR; };
		A148B2C0218D7B6C00D79029 /* GroupDriveTests.swift */ = {isa = PBXFileReference; lastKnownFileType = sourcecode.swift; path = GroupDriveTests.swift; sourceTree = "<group>"; };
		A148B2C2218D7B6C00D79029 /* Info.plist */ = {isa = PBXFileReference; lastKnownFileType = text.plist.xml; path = Info.plist; sourceTree = "<group>"; };
		A148B2C7218D7B6C00D79029 /* GroupDriveUITests.xctest */ = {isa = PBXFileReference; explicitFileType = wrapper.cfbundle; includeInIndex = 0; path = GroupDriveUITests.xctest; sourceTree = BUILT_PRODUCTS_DIR; };
		A148B2CB218D7B6C00D79029 /* GroupDriveUITests.swift */ = {isa = PBXFileReference; lastKnownFileType = sourcecode.swift; path = GroupDriveUITests.swift; sourceTree = "<group>"; };
		A148B2CD218D7B6C00D79029 /* Info.plist */ = {isa = PBXFileReference; lastKnownFileType = text.plist.xml; path = Info.plist; sourceTree = "<group>"; };
/* End PBXFileReference section */

/* Begin PBXFrameworksBuildPhase section */
		A148B2A5218D7B6B00D79029 /* Frameworks */ = {
			isa = PBXFrameworksBuildPhase;
			buildActionMask = 2147483647;
			files = (
			);
			runOnlyForDeploymentPostprocessing = 0;
		};
		A148B2B9218D7B6C00D79029 /* Frameworks */ = {
			isa = PBXFrameworksBuildPhase;
			buildActionMask = 2147483647;
			files = (
			);
			runOnlyForDeploymentPostprocessing = 0;
		};
		A148B2C4218D7B6C00D79029 /* Frameworks */ = {
			isa = PBXFrameworksBuildPhase;
			buildActionMask = 2147483647;
			files = (
			);
			runOnlyForDeploymentPostprocessing = 0;
		};
/* End PBXFrameworksBuildPhase section */

/* Begin PBXGroup section */
		A148B29F218D7B6B00D79029 = {
			isa = PBXGroup;
			children = (
				A148B2AA218D7B6B00D79029 /* GroupDrive */,
				A148B2BF218D7B6C00D79029 /* GroupDriveTests */,
				A148B2CA218D7B6C00D79029 /* GroupDriveUITests */,
				A148B2A9218D7B6B00D79029 /* Products */,
			);
			sourceTree = "<group>";
		};
		A148B2A9218D7B6B00D79029 /* Products */ = {
			isa = PBXGroup;
			children = (
				A148B2A8218D7B6B00D79029 /* GroupDrive.app */,
				A148B2BC218D7B6C00D79029 /* GroupDriveTests.xctest */,
				A148B2C7218D7B6C00D79029 /* GroupDriveUITests.xctest */,
			);
			name = Products;
			sourceTree = "<group>";
		};
		A148B2AA218D7B6B00D79029 /* GroupDrive */ = {
			isa = PBXGroup;
			children = (
				A148B2AB218D7B6B00D79029 /* AppDelegate.swift */,
				A148B2AD218D7B6B00D79029 /* ViewController.swift */,
				A148B2AF218D7B6B00D79029 /* Main.storyboard */,
				A148B2B2218D7B6C00D79029 /* Assets.xcassets */,
				A148B2B4218D7B6C00D79029 /* LaunchScreen.storyboard */,
				A148B2B7218D7B6C00D79029 /* Info.plist */,
			);
			path = GroupDrive;
			sourceTree = "<group>";
		};
		A148B2BF218D7B6C00D79029 /* GroupDriveTests */ = {
			isa = PBXGroup;
			children = (
				A148B2C0218D7B6C00D79029 /* GroupDriveTests.swift */,
				A148B2C2218D7B6C00D79029 /* Info.plist */,
			);
			path = GroupDriveTests;
			sourceTree = "<group>";
		};
		A148B2CA218D7B6C00D79029 /* GroupDriveUITests */ = {
			isa = PBXGroup;
			children = (
				A148B2CB218D7B6C00D79029 /* GroupDriveUITests.swift */,
				A148B2CD218D7B6C00D79029 /* Info.plist */,
			);
			path = GroupDriveUITests;
			sourceTree = "<group>";
		};
/* End PBXGroup section */

/* Begin PBXNativeTarget section */
		A148B2A7218D7B6B00D79029 /* GroupDrive */ = {
			isa = PBXNativeTarget;
			buildConfigurationList = A148B2D0218D7B6C00D79029 /* Build configuration list for PBXNativeTarget "GroupDrive" */;
			buildPhases = (
				A148B2A4218D7B6B00D79029 /* Sources */,
				A148B2A5218D7B6B00D79029 /* Frameworks */,
				A148B2A6218D7B6B00D79029 /* Resources */,
			);
			buildRules = (
			);
			dependencies = (
			);
			name = GroupDrive;
			productName = GroupDrive;
			productReference = A148B2A8218D7B6B00D79029 /* GroupDrive.app */;
			productType = "com.apple.product-type.application";
		};
		A148B2BB218D7B6C00D79029 /* GroupDriveTests */ = {
			isa = PBXNativeTarget;
			buildConfigurationList = A148B2D3218D7B6C00D79029 /* Build configuration list for PBXNativeTarget "GroupDriveTests" */;
			buildPhases = (
				A148B2B8218D7B6C00D79029 /* Sources */,
				A148B2B9218D7B6C00D79029 /* Frameworks */,
				A148B2BA218D7B6C00D79029 /* Resources */,
			);
			buildRules = (
			);
			dependencies = (
				A148B2BE218D7B6C00D79029 /* PBXTargetDependency */,
			);
			name = GroupDriveTests;
			productName = GroupDriveTests;
			productReference = A148B2BC218D7B6C00D79029 /* GroupDriveTests.xctest */;
			productType = "com.apple.product-type.bundle.unit-test";
		};
		A148B2C6218D7B6C00D79029 /* GroupDriveUITests */ = {
			isa = PBXNativeTarget;
			buildConfigurationList = A148B2D6218D7B6C00D79029 /* Build configuration list for PBXNativeTarget "GroupDriveUITests" */;
			buildPhases = (
				A148B2C3218D7B6C00D79029 /* Sources */,
				A148B2C4218D7B6C00D79029 /* Frameworks */,
				A148B2C5218D7B6C00D79029 /* Resources */,
			);
			buildRules = (
			);
			dependencies = (
				A148B2C9218D7B6C00D79029 /* PBXTargetDependency */,
			);
			name = GroupDriveUITests;
			productName = GroupDriveUITests;
			productReference = A148B2C7218D7B6C00D79029 /* GroupDriveUITests.xctest */;
			productType = "com.apple.product-type.bundle.ui-testing";
		};
/* End PBXNativeTarget section */

/* Begin PBXProject section */
		A148B2A0218D7B6B00D79029 /* Project object */ = {
			isa = PBXProject;
			attributes = {
				LastSwiftUpdateCheck = 1010;
				LastUpgradeCheck = 1010;
				ORGANIZATIONNAME = CiderBears;
				TargetAttributes = {
					A148B2A7218D7B6B00D79029 = {
						CreatedOnToolsVersion = 10.1;
					};
					A148B2BB218D7B6C00D79029 = {
						CreatedOnToolsVersion = 10.1;
						TestTargetID = A148B2A7218D7B6B00D79029;
					};
					A148B2C6218D7B6C00D79029 = {
						CreatedOnToolsVersion = 10.1;
						TestTargetID = A148B2A7218D7B6B00D79029;
					};
				};
			};
			buildConfigurationList = A148B2A3218D7B6B00D79029 /* Build configuration list for PBXProject "GroupDrive" */;
			compatibilityVersion = "Xcode 9.3";
			developmentRegion = en;
			hasScannedForEncodings = 0;
			knownRegions = (
				en,
				Base,
			);
			mainGroup = A148B29F218D7B6B00D79029;
			productRefGroup = A148B2A9218D7B6B00D79029 /* Products */;
			projectDirPath = "";
			projectRoot = "";
			targets = (
				A148B2A7218D7B6B00D79029 /* GroupDrive */,
				A148B2BB218D7B6C00D79029 /* GroupDriveTests */,
				A148B2C6218D7B6C00D79029 /* GroupDriveUITests */,
			);
		};
/* End PBXProject section */

/* Begin PBXResourcesBuildPhase section */
		A148B2A6218D7B6B00D79029 /* Resources */ = {
			isa = PBXResourcesBuildPhase;
			buildActionMask = 2147483647;
			files = (
				A148B2B6218D7B6C00D79029 /* LaunchScreen.storyboard in Resources */,
				A148B2B3218D7B6C00D79029 /* Assets.xcassets in Resources */,
				A148B2B1218D7B6B00D79029 /* Main.storyboard in Resources */,
			);
			runOnlyForDeploymentPostprocessing = 0;
		};
		A148B2BA218D7B6C00D79029 /* Resources */ = {
			isa = PBXResourcesBuildPhase;
			buildActionMask = 2147483647;
			files = (
			);
			runOnlyForDeploymentPostprocessing = 0;
		};
		A148B2C5218D7B6C00D79029 /* Resources */ = {
			isa = PBXResourcesBuildPhase;
			buildActionMask = 2147483647;
			files = (
			);
			runOnlyForDeploymentPostprocessing = 0;
		};
/* End PBXResourcesBuildPhase section */

/* Begin PBXSourcesBuildPhase section */
		A148B2A4218D7B6B00D79029 /* Sources */ = {
			isa = PBXSourcesBuildPhase;
			buildActionMask = 2147483647;
			files = (
				A148B2AE218D7B6B00D79029 /* ViewController.swift in Sources */,
				A148B2AC218D7B6B00D79029 /* AppDelegate.swift in Sources */,
			);
			runOnlyForDeploymentPostprocessing = 0;
		};
		A148B2B8218D7B6C00D79029 /* Sources */ = {
			isa = PBXSourcesBuildPhase;
			buildActionMask = 2147483647;
			files = (
				A148B2C1218D7B6C00D79029 /* GroupDriveTests.swift in Sources */,
			);
			runOnlyForDeploymentPostprocessing = 0;
		};
		A148B2C3218D7B6C00D79029 /* Sources */ = {
			isa = PBXSourcesBuildPhase;
			buildActionMask = 2147483647;
			files = (
				A148B2CC218D7B6C00D79029 /* GroupDriveUITests.swift in Sources */,
			);
			runOnlyForDeploymentPostprocessing = 0;
		};
/* End PBXSourcesBuildPhase section */

/* Begin PBXTargetDependency section */
		A148B2BE218D7B6C00D79029 /* PBXTargetDependency */ = {
			isa = PBXTargetDependency;
			target = A148B2A7218D7B6B00D79029 /* GroupDrive */;
			targetProxy = A148B2BD218D7B6C00D79029 /* PBXContainerItemProxy */;
		};
		A148B2C9218D7B6C00D79029 /* PBXTargetDependency */ = {
			isa = PBXTargetDependency;
			target = A148B2A7218D7B6B00D79029 /* GroupDrive */;
			targetProxy = A148B2C8218D7B6C00D79029 /* PBXContainerItemProxy */;
		};
/* End PBXTargetDependency section */

/* Begin PBXVariantGroup section */
		A148B2AF218D7B6B00D79029 /* Main.storyboard */ = {
			isa = PBXVariantGroup;
			children = (
				A148B2B0218D7B6B00D79029 /* Base */,
			);
			name = Main.storyboard;
			sourceTree = "<group>";
		};
		A148B2B4218D7B6C00D79029 /* LaunchScreen.storyboard */ = {
			isa = PBXVariantGroup;
			children = (
				A148B2B5218D7B6C00D79029 /* Base */,
			);
			name = LaunchScreen.storyboard;
			sourceTree = "<group>";
		};
/* End PBXVariantGroup section */

/* Begin XCBuildConfiguration section */
		A148B2CE218D7B6C00D79029 /* Debug */ = {
			isa = XCBuildConfiguration;
			buildSettings = {
				ALWAYS_SEARCH_USER_PATHS = NO;
				CLANG_ANALYZER_NONNULL = YES;
				CLANG_ANALYZER_NUMBER_OBJECT_CONVERSION = YES_AGGRESSIVE;
				CLANG_CXX_LANGUAGE_STANDARD = "gnu++14";
				CLANG_CXX_LIBRARY = "libc++";
				CLANG_ENABLE_MODULES = YES;
				CLANG_ENABLE_OBJC_ARC = YES;
				CLANG_ENABLE_OBJC_WEAK = YES;
				CLANG_WARN_BLOCK_CAPTURE_AUTORELEASING = YES;
				CLANG_WARN_BOOL_CONVERSION = YES;
				CLANG_WARN_COMMA = YES;
				CLANG_WARN_CONSTANT_CONVERSION = YES;
				CLANG_WARN_DEPRECATED_OBJC_IMPLEMENTATIONS = YES;
				CLANG_WARN_DIRECT_OBJC_ISA_USAGE = YES_ERROR;
				CLANG_WARN_DOCUMENTATION_COMMENTS = YES;
				CLANG_WARN_EMPTY_BODY = YES;
				CLANG_WARN_ENUM_CONVERSION = YES;
				CLANG_WARN_INFINITE_RECURSION = YES;
				CLANG_WARN_INT_CONVERSION = YES;
				CLANG_WARN_NON_LITERAL_NULL_CONVERSION = YES;
				CLANG_WARN_OBJC_IMPLICIT_RETAIN_SELF = YES;
				CLANG_WARN_OBJC_LITERAL_CONVERSION = YES;
				CLANG_WARN_OBJC_ROOT_CLASS = YES_ERROR;
				CLANG_WARN_RANGE_LOOP_ANALYSIS = YES;
				CLANG_WARN_STRICT_PROTOTYPES = YES;
				CLANG_WARN_SUSPICIOUS_MOVE = YES;
				CLANG_WARN_UNGUARDED_AVAILABILITY = YES_AGGRESSIVE;
				CLANG_WARN_UNREACHABLE_CODE = YES;
				CLANG_WARN__DUPLICATE_METHOD_MATCH = YES;
				CODE_SIGN_IDENTITY = "iPhone Developer";
				COPY_PHASE_STRIP = NO;
				DEBUG_INFORMATION_FORMAT = dwarf;
				ENABLE_STRICT_OBJC_MSGSEND = YES;
				ENABLE_TESTABILITY = YES;
				GCC_C_LANGUAGE_STANDARD = gnu11;
				GCC_DYNAMIC_NO_PIC = NO;
				GCC_NO_COMMON_BLOCKS = YES;
				GCC_OPTIMIZATION_LEVEL = 0;
				GCC_PREPROCESSOR_DEFINITIONS = (
					"DEBUG=1",
					"$(inherited)",
				);
				GCC_WARN_64_TO_32_BIT_CONVERSION = YES;
				GCC_WARN_ABOUT_RETURN_TYPE = YES_ERROR;
				GCC_WARN_UNDECLARED_SELECTOR = YES;
				GCC_WARN_UNINITIALIZED_AUTOS = YES_AGGRESSIVE;
				GCC_WARN_UNUSED_FUNCTION = YES;
				GCC_WARN_UNUSED_VARIABLE = YES;
				IPHONEOS_DEPLOYMENT_TARGET = 12.1;
				MTL_ENABLE_DEBUG_INFO = INCLUDE_SOURCE;
				MTL_FAST_MATH = YES;
				ONLY_ACTIVE_ARCH = YES;
				SDKROOT = iphoneos;
				SWIFT_ACTIVE_COMPILATION_CONDITIONS = DEBUG;
				SWIFT_OPTIMIZATION_LEVEL = "-Onone";
			};
			name = Debug;
		};
		A148B2CF218D7B6C00D79029 /* Release */ = {
			isa = XCBuildConfiguration;
			buildSettings = {
				ALWAYS_SEARCH_USER_PATHS = NO;
				CLANG_ANALYZER_NONNULL = YES;
				CLANG_ANALYZER_NUMBER_OBJECT_CONVERSION = YES_AGGRESSIVE;
				CLANG_CXX_LANGUAGE_STANDARD = "gnu++14";
				CLANG_CXX_LIBRARY = "libc++";
				CLANG_ENABLE_MODULES = YES;
				CLANG_ENABLE_OBJC_ARC = YES;
				CLANG_ENABLE_OBJC_WEAK = YES;
				CLANG_WARN_BLOCK_CAPTURE_AUTORELEASING = YES;
				CLANG_WARN_BOOL_CONVERSION = YES;
				CLANG_WARN_COMMA = YES;
				CLANG_WARN_CONSTANT_CONVERSION = YES;
				CLANG_WARN_DEPRECATED_OBJC_IMPLEMENTATIONS = YES;
				CLANG_WARN_DIRECT_OBJC_ISA_USAGE = YES_ERROR;
				CLANG_WARN_DOCUMENTATION_COMMENTS = YES;
				CLANG_WARN_EMPTY_BODY = YES;
				CLANG_WARN_ENUM_CONVERSION = YES;
				CLANG_WARN_INFINITE_RECURSION = YES;
				CLANG_WARN_INT_CONVERSION = YES;
				CLANG_WARN_NON_LITERAL_NULL_CONVERSION = YES;
				CLANG_WARN_OBJC_IMPLICIT_RETAIN_SELF = YES;
				CLANG_WARN_OBJC_LITERAL_CONVERSION = YES;
				CLANG_WARN_OBJC_ROOT_CLASS = YES_ERROR;
				CLANG_WARN_RANGE_LOOP_ANALYSIS = YES;
				CLANG_WARN_STRICT_PROTOTYPES = YES;
				CLANG_WARN_SUSPICIOUS_MOVE = YES;
				CLANG_WARN_UNGUARDED_AVAILABILITY = YES_AGGRESSIVE;
				CLANG_WARN_UNREACHABLE_CODE = YES;
				CLANG_WARN__DUPLICATE_METHOD_MATCH = YES;
				CODE_SIGN_IDENTITY = "iPhone Developer";
				COPY_PHASE_STRIP = NO;
				DEBUG_INFORMATION_FORMAT = "dwarf-with-dsym";
				ENABLE_NS_ASSERTIONS = NO;
				ENABLE_STRICT_OBJC_MSGSEND = YES;
				GCC_C_LANGUAGE_STANDARD = gnu11;
				GCC_NO_COMMON_BLOCKS = YES;
				GCC_WARN_64_TO_32_BIT_CONVERSION = YES;
				GCC_WARN_ABOUT_RETURN_TYPE = YES_ERROR;
				GCC_WARN_UNDECLARED_SELECTOR = YES;
				GCC_WARN_UNINITIALIZED_AUTOS = YES_AGGRESSIVE;
				GCC_WARN_UNUSED_FUNCTION = YES;
				GCC_WARN_UNUSED_VARIABLE = YES;
				IPHONEOS_DEPLOYMENT_TARGET = 12.1;
				MTL_ENABLE_DEBUG_INFO = NO;
				MTL_FAST_MATH = YES;
				SDKROOT = iphoneos;
				SWIFT_COMPILATION_MODE = wholemodule;
				SWIFT_OPTIMIZATION_LEVEL = "-O";
				VALIDATE_PRODUCT = YES;
			};
			name = Release;
		};
		A148B2D1218D7B6C00D79029 /* Debug */ = {
			isa = XCBuildConfiguration;
			buildSettings = {
				ASSETCATALOG_COMPILER_APPICON_NAME = AppIcon;
				CODE_SIGN_STYLE = Automatic;
				DEVELOPMENT_TEAM = 6MPMQ2M2TM;
				INFOPLIST_FILE = GroupDrive/Info.plist;
				LD_RUNPATH_SEARCH_PATHS = (
					"$(inherited)",
					"@executable_path/Frameworks",
				);
				PRODUCT_NAME = "$(TARGET_NAME)";
				SWIFT_VERSION = 4.2;
				TARGETED_DEVICE_FAMILY = "1,2";
			};
			name = Debug;
		};
		A148B2D2218D7B6C00D79029 /* Release */ = {
			isa = XCBuildConfiguration;
			buildSettings = {
				ASSETCATALOG_COMPILER_APPICON_NAME = AppIcon;
				CODE_SIGN_STYLE = Automatic;
				DEVELOPMENT_TEAM = 6MPMQ2M2TM;
				INFOPLIST_FILE = GroupDrive/Info.plist;
				LD_RUNPATH_SEARCH_PATHS = (
					"$(inherited)",
					"@executable_path/Frameworks",
				);
				PRODUCT_NAME = "$(TARGET_NAME)";
				SWIFT_VERSION = 4.2;
				TARGETED_DEVICE_FAMILY = "1,2";
			};
			name = Release;
		};
		A148B2D4218D7B6C00D79029 /* Debug */ = {
			isa = XCBuildConfiguration;
			buildSettings = {
				ALWAYS_EMBED_SWIFT_STANDARD_LIBRARIES = YES;
				BUNDLE_LOADER = "$(TEST_HOST)";
				CODE_SIGN_STYLE = Automatic;
				DEVELOPMENT_TEAM = 6MPMQ2M2TM;
				INFOPLIST_FILE = GroupDriveTests/Info.plist;
				LD_RUNPATH_SEARCH_PATHS = (
					"$(inherited)",
					"@executable_path/Frameworks",
					"@loader_path/Frameworks",
				);
				PRODUCT_BUNDLE_IDENTIFIER = c.GroupDriveTests;
				PRODUCT_NAME = "$(TARGET_NAME)";
				SWIFT_VERSION = 4.2;
				TARGETED_DEVICE_FAMILY = "1,2";
				TEST_HOST = "$(BUILT_PRODUCTS_DIR)/GroupDrive.app/GroupDrive";
			};
			name = Debug;
		};
		A148B2D5218D7B6C00D79029 /* Release */ = {
			isa = XCBuildConfiguration;
			buildSettings = {
				ALWAYS_EMBED_SWIFT_STANDARD_LIBRARIES = YES;
				BUNDLE_LOADER = "$(TEST_HOST)";
				CODE_SIGN_STYLE = Automatic;
				DEVELOPMENT_TEAM = 6MPMQ2M2TM;
				INFOPLIST_FILE = GroupDriveTests/Info.plist;
				LD_RUNPATH_SEARCH_PATHS = (
					"$(inherited)",
					"@executable_path/Frameworks",
					"@loader_path/Frameworks",
				);
				PRODUCT_BUNDLE_IDENTIFIER = c.GroupDriveTests;
				PRODUCT_NAME = "$(TARGET_NAME)";
				SWIFT_VERSION = 4.2;
				TARGETED_DEVICE_FAMILY = "1,2";
				TEST_HOST = "$(BUILT_PRODUCTS_DIR)/GroupDrive.app/GroupDrive";
			};
			name = Release;
		};
		A148B2D7218D7B6C00D79029 /* Debug */ = {
			isa = XCBuildConfiguration;
			buildSettings = {
				ALWAYS_EMBED_SWIFT_STANDARD_LIBRARIES = YES;
				CODE_SIGN_STYLE = Automatic;
				DEVELOPMENT_TEAM = 6MPMQ2M2TM;
				INFOPLIST_FILE = GroupDriveUITests/Info.plist;
				LD_RUNPATH_SEARCH_PATHS = (
					"$(inherited)",
					"@executable_path/Frameworks",
					"@loader_path/Frameworks",
				);
				PRODUCT_BUNDLE_IDENTIFIER = c.GroupDriveUITests;
				PRODUCT_NAME = "$(TARGET_NAME)";
				SWIFT_VERSION = 4.2;
				TARGETED_DEVICE_FAMILY = "1,2";
				TEST_TARGET_NAME = GroupDrive;
			};
			name = Debug;
		};
		A148B2D8218D7B6C00D79029 /* Release */ = {
			isa = XCBuildConfiguration;
			buildSettings = {
				ALWAYS_EMBED_SWIFT_STANDARD_LIBRARIES = YES;
				CODE_SIGN_STYLE = Automatic;
				DEVELOPMENT_TEAM = 6MPMQ2M2TM;
				INFOPLIST_FILE = GroupDriveUITests/Info.plist;
				LD_RUNPATH_SEARCH_PATHS = (
					"$(inherited)",
					"@executable_path/Frameworks",
					"@loader_path/Frameworks",
				);
				PRODUCT_BUNDLE_IDENTIFIER = c.GroupDriveUITests;
				PRODUCT_NAME = "$(TARGET_NAME)";
				SWIFT_VERSION = 4.2;
				TARGETED_DEVICE_FAMILY = "1,2";
				TEST_TARGET_NAME = GroupDrive;
			};
			name = Release;
		};
/* End XCBuildConfiguration section */

/* Begin XCConfigurationList section */
		A148B2A3218D7B6B00D79029 /* Build configuration list for PBXProject "GroupDrive" */ = {
			isa = XCConfigurationList;
			buildConfigurations = (
				A148B2CE218D7B6C00D79029 /* Debug */,
				A148B2CF218D7B6C00D79029 /* Release */,
			);
			defaultConfigurationIsVisible = 0;
			defaultConfigurationName = Release;
		};
		A148B2D0218D7B6C00D79029 /* Build configuration list for PBXNativeTarget "GroupDrive" */ = {
			isa = XCConfigurationList;
			buildConfigurations = (
				A148B2D1218D7B6C00D79029 /* Debug */,
				A148B2D2218D7B6C00D79029 /* Release */,
			);
			defaultConfigurationIsVisible = 0;
			defaultConfigurationName = Release;
		};
		A148B2D3218D7B6C00D79029 /* Build configuration list for PBXNativeTarget "GroupDriveTests" */ = {
			isa = XCConfigurationList;
			buildConfigurations = (
				A148B2D4218D7B6C00D79029 /* Debug */,
				A148B2D5218D7B6C00D79029 /* Release */,
			);
			defaultConfigurationIsVisible = 0;
			defaultConfigurationName = Release;
		};
		A148B2D6218D7B6C00D79029 /* Build configuration list for PBXNativeTarget "GroupDriveUITests" */ = {
			isa = XCConfigurationList;
			buildConfigurations = (
				A148B2D7218D7B6C00D79029 /* Debug */,
				A148B2D8218D7B6C00D79029 /* Release */,
			);
			defaultConfigurationIsVisible = 0;
			defaultConfigurationName = Release;
		};
/* End XCConfigurationList section */
	};
	rootObject = A148B2A0218D7B6B00D79029 /* Project object */;
}
